
Microsoft Visual Studio Solution File, Format Version 12.00
# Visual Studio Version 16
VisualStudioVersion = 16.0.29123.88
MinimumVisualStudioVersion = 10.0.40219.1
Project("{FAE04EC0-301F-11D3-BF4B-00C04F79EFBC}") = "ATM_3_HW", "ATM_3_HW.csproj", "{18D4592F-673E-4282-827D-0C6EC2D3D231}"
EndProject
Global
	GlobalSection(SolutionConfigurationPlatforms) = preSolution
		Debug|Any CPU = Debug|Any CPU
		Release|Any CPU = Release|Any CPU
	EndGlobalSection
	GlobalSection(ProjectConfigurationPlatforms) = postSolution
		{18D4592F-673E-4282-827D-0C6EC2D3D231}.Debug|Any CPU.ActiveCfg = Debug|Any CPU
		{18D4592F-673E-4282-827D-0C6EC2D3D231}.Debug|Any CPU.Build.0 = Debug|Any CPU
		{18D4592F-673E-4282-827D-0C6EC2D3D231}.Release|Any CPU.ActiveCfg = Release|Any CPU
		{18D4592F-673E-4282-827D-0C6EC2D3D231}.Release|Any CPU.Build.0 = Release|Any CPU
	EndGlobalSection
	GlobalSection(SolutionProperties) = preSolution
		HideSolutionNode = FALSE
	EndGlobalSection
	GlobalSection(ExtensibilityGlobals) = postSolution
		SolutionGuid = {0F5DAA1B-30B5-45E2-926B-51E576F90136}
	EndGlobalSection
EndGlobal
