
Microsoft Visual Studio Solution File, Format Version 12.00
# Visual Studio Version 16
VisualStudioVersion = 16.0.29001.49
MinimumVisualStudioVersion = 10.0.40219.1
Project("{FAE04EC0-301F-11D3-BF4B-00C04F79EFBC}") = "CardGame", "CardGame.csproj", "{D5235A30-DD44-4BD2-A957-6EF451A7E406}"
EndProject
Global
	GlobalSection(SolutionConfigurationPlatforms) = preSolution
		Debug|Any CPU = Debug|Any CPU
		Release|Any CPU = Release|Any CPU
	EndGlobalSection
	GlobalSection(ProjectConfigurationPlatforms) = postSolution
		{D5235A30-DD44-4BD2-A957-6EF451A7E406}.Debug|Any CPU.ActiveCfg = Debug|Any CPU
		{D5235A30-DD44-4BD2-A957-6EF451A7E406}.Debug|Any CPU.Build.0 = Debug|Any CPU
		{D5235A30-DD44-4BD2-A957-6EF451A7E406}.Release|Any CPU.ActiveCfg = Release|Any CPU
		{D5235A30-DD44-4BD2-A957-6EF451A7E406}.Release|Any CPU.Build.0 = Release|Any CPU
	EndGlobalSection
	GlobalSection(SolutionProperties) = preSolution
		HideSolutionNode = FALSE
	EndGlobalSection
	GlobalSection(ExtensibilityGlobals) = postSolution
		SolutionGuid = {F38BA682-33B7-4716-892A-D1275B8239BE}
	EndGlobalSection
EndGlobal
