
Microsoft Visual Studio Solution File, Format Version 12.00
# Visual Studio Version 16
VisualStudioVersion = 16.0.29001.49
MinimumVisualStudioVersion = 10.0.40219.1
Project("{FAE04EC0-301F-11D3-BF4B-00C04F79EFBC}") = "Lab_ClassDesign", "Lab_ClassDesign.csproj", "{4969C65E-E0DD-480D-8A30-5F3B50D1B282}"
EndProject
Global
	GlobalSection(SolutionConfigurationPlatforms) = preSolution
		Debug|Any CPU = Debug|Any CPU
		Release|Any CPU = Release|Any CPU
	EndGlobalSection
	GlobalSection(ProjectConfigurationPlatforms) = postSolution
		{4969C65E-E0DD-480D-8A30-5F3B50D1B282}.Debug|Any CPU.ActiveCfg = Debug|Any CPU
		{4969C65E-E0DD-480D-8A30-5F3B50D1B282}.Debug|Any CPU.Build.0 = Debug|Any CPU
		{4969C65E-E0DD-480D-8A30-5F3B50D1B282}.Release|Any CPU.ActiveCfg = Release|Any CPU
		{4969C65E-E0DD-480D-8A30-5F3B50D1B282}.Release|Any CPU.Build.0 = Release|Any CPU
	EndGlobalSection
	GlobalSection(SolutionProperties) = preSolution
		HideSolutionNode = FALSE
	EndGlobalSection
	GlobalSection(ExtensibilityGlobals) = postSolution
		SolutionGuid = {0E5331E6-0153-4B7C-994E-4939253CC24A}
	EndGlobalSection
EndGlobal
