
Microsoft Visual Studio Solution File, Format Version 12.00
# Visual Studio Version 16
VisualStudioVersion = 16.0.29001.49
MinimumVisualStudioVersion = 10.0.40219.1
Project("{FAE04EC0-301F-11D3-BF4B-00C04F79EFBC}") = "InClass-LIST", "InClass-LIST.csproj", "{93A72939-4548-4862-A8B6-96FBB5B65C85}"
EndProject
Global
	GlobalSection(SolutionConfigurationPlatforms) = preSolution
		Debug|Any CPU = Debug|Any CPU
		Release|Any CPU = Release|Any CPU
	EndGlobalSection
	GlobalSection(ProjectConfigurationPlatforms) = postSolution
		{93A72939-4548-4862-A8B6-96FBB5B65C85}.Debug|Any CPU.ActiveCfg = Debug|Any CPU
		{93A72939-4548-4862-A8B6-96FBB5B65C85}.Debug|Any CPU.Build.0 = Debug|Any CPU
		{93A72939-4548-4862-A8B6-96FBB5B65C85}.Release|Any CPU.ActiveCfg = Release|Any CPU
		{93A72939-4548-4862-A8B6-96FBB5B65C85}.Release|Any CPU.Build.0 = Release|Any CPU
	EndGlobalSection
	GlobalSection(SolutionProperties) = preSolution
		HideSolutionNode = FALSE
	EndGlobalSection
	GlobalSection(ExtensibilityGlobals) = postSolution
		SolutionGuid = {A561C2F0-ACC7-47A4-9063-F4815DCDC968}
	EndGlobalSection
EndGlobal
