
Microsoft Visual Studio Solution File, Format Version 12.00
# Visual Studio Version 16
VisualStudioVersion = 16.0.29001.49
MinimumVisualStudioVersion = 10.0.40219.1
Project("{FAE04EC0-301F-11D3-BF4B-00C04F79EFBC}") = "Lab4GuessMyNumber", "Lab4GuessMyNumber.csproj", "{E81B3D0B-04C2-4717-BFB8-285EB3F686D0}"
EndProject
Global
	GlobalSection(SolutionConfigurationPlatforms) = preSolution
		Debug|Any CPU = Debug|Any CPU
		Release|Any CPU = Release|Any CPU
	EndGlobalSection
	GlobalSection(ProjectConfigurationPlatforms) = postSolution
		{E81B3D0B-04C2-4717-BFB8-285EB3F686D0}.Debug|Any CPU.ActiveCfg = Debug|Any CPU
		{E81B3D0B-04C2-4717-BFB8-285EB3F686D0}.Debug|Any CPU.Build.0 = Debug|Any CPU
		{E81B3D0B-04C2-4717-BFB8-285EB3F686D0}.Release|Any CPU.ActiveCfg = Release|Any CPU
		{E81B3D0B-04C2-4717-BFB8-285EB3F686D0}.Release|Any CPU.Build.0 = Release|Any CPU
	EndGlobalSection
	GlobalSection(SolutionProperties) = preSolution
		HideSolutionNode = FALSE
	EndGlobalSection
	GlobalSection(ExtensibilityGlobals) = postSolution
		SolutionGuid = {5A36CBB0-E01E-4F0A-A506-37DA2E6EC5D4}
	EndGlobalSection
EndGlobal
