
Microsoft Visual Studio Solution File, Format Version 12.00
# Visual Studio Version 16
VisualStudioVersion = 16.0.29001.49
MinimumVisualStudioVersion = 10.0.40219.1
Project("{FAE04EC0-301F-11D3-BF4B-00C04F79EFBC}") = "AvaregaMethod", "AvaregaMethod.csproj", "{93696C5E-B61C-4B10-96E6-07B0020998E5}"
EndProject
Global
	GlobalSection(SolutionConfigurationPlatforms) = preSolution
		Debug|Any CPU = Debug|Any CPU
		Release|Any CPU = Release|Any CPU
	EndGlobalSection
	GlobalSection(ProjectConfigurationPlatforms) = postSolution
		{93696C5E-B61C-4B10-96E6-07B0020998E5}.Debug|Any CPU.ActiveCfg = Debug|Any CPU
		{93696C5E-B61C-4B10-96E6-07B0020998E5}.Debug|Any CPU.Build.0 = Debug|Any CPU
		{93696C5E-B61C-4B10-96E6-07B0020998E5}.Release|Any CPU.ActiveCfg = Release|Any CPU
		{93696C5E-B61C-4B10-96E6-07B0020998E5}.Release|Any CPU.Build.0 = Release|Any CPU
	EndGlobalSection
	GlobalSection(SolutionProperties) = preSolution
		HideSolutionNode = FALSE
	EndGlobalSection
	GlobalSection(ExtensibilityGlobals) = postSolution
		SolutionGuid = {0517E548-E9E0-4E98-BC14-7AE3769C671F}
	EndGlobalSection
EndGlobal
