
Microsoft Visual Studio Solution File, Format Version 12.00
# Visual Studio Version 16
VisualStudioVersion = 16.0.29001.49
MinimumVisualStudioVersion = 10.0.40219.1
Project("{FAE04EC0-301F-11D3-BF4B-00C04F79EFBC}") = "ModuleOperator", "ModuleOperator.csproj", "{F90F362B-46C9-491D-832B-9E0EBEA830C9}"
EndProject
Global
	GlobalSection(SolutionConfigurationPlatforms) = preSolution
		Debug|Any CPU = Debug|Any CPU
		Release|Any CPU = Release|Any CPU
	EndGlobalSection
	GlobalSection(ProjectConfigurationPlatforms) = postSolution
		{F90F362B-46C9-491D-832B-9E0EBEA830C9}.Debug|Any CPU.ActiveCfg = Debug|Any CPU
		{F90F362B-46C9-491D-832B-9E0EBEA830C9}.Debug|Any CPU.Build.0 = Debug|Any CPU
		{F90F362B-46C9-491D-832B-9E0EBEA830C9}.Release|Any CPU.ActiveCfg = Release|Any CPU
		{F90F362B-46C9-491D-832B-9E0EBEA830C9}.Release|Any CPU.Build.0 = Release|Any CPU
	EndGlobalSection
	GlobalSection(SolutionProperties) = preSolution
		HideSolutionNode = FALSE
	EndGlobalSection
	GlobalSection(ExtensibilityGlobals) = postSolution
		SolutionGuid = {215770B9-CC6C-457C-AAB0-05C013EBCCFD}
	EndGlobalSection
EndGlobal
