
Microsoft Visual Studio Solution File, Format Version 12.00
# Visual Studio Version 16
VisualStudioVersion = 16.0.29001.49
MinimumVisualStudioVersion = 10.0.40219.1
Project("{FAE04EC0-301F-11D3-BF4B-00C04F79EFBC}") = "Class_Example_VS", "Class_Example_VS.csproj", "{6C4613E6-1655-43F7-902F-EF282BD1AED0}"
EndProject
Global
	GlobalSection(SolutionConfigurationPlatforms) = preSolution
		Debug|Any CPU = Debug|Any CPU
		Release|Any CPU = Release|Any CPU
	EndGlobalSection
	GlobalSection(ProjectConfigurationPlatforms) = postSolution
		{6C4613E6-1655-43F7-902F-EF282BD1AED0}.Debug|Any CPU.ActiveCfg = Debug|Any CPU
		{6C4613E6-1655-43F7-902F-EF282BD1AED0}.Debug|Any CPU.Build.0 = Debug|Any CPU
		{6C4613E6-1655-43F7-902F-EF282BD1AED0}.Release|Any CPU.ActiveCfg = Release|Any CPU
		{6C4613E6-1655-43F7-902F-EF282BD1AED0}.Release|Any CPU.Build.0 = Release|Any CPU
	EndGlobalSection
	GlobalSection(SolutionProperties) = preSolution
		HideSolutionNode = FALSE
	EndGlobalSection
	GlobalSection(ExtensibilityGlobals) = postSolution
		SolutionGuid = {5E0BA732-31C6-4D34-BF78-6435231C09AB}
	EndGlobalSection
EndGlobal
