
Microsoft Visual Studio Solution File, Format Version 12.00
# Visual Studio Version 16
VisualStudioVersion = 16.0.29001.49
MinimumVisualStudioVersion = 10.0.40219.1
Project("{FAE04EC0-301F-11D3-BF4B-00C04F79EFBC}") = "ContainsKey", "ContainsKey.csproj", "{FABBD4A1-3C5D-4171-B826-11B6461E2B89}"
EndProject
Global
	GlobalSection(SolutionConfigurationPlatforms) = preSolution
		Debug|Any CPU = Debug|Any CPU
		Release|Any CPU = Release|Any CPU
	EndGlobalSection
	GlobalSection(ProjectConfigurationPlatforms) = postSolution
		{FABBD4A1-3C5D-4171-B826-11B6461E2B89}.Debug|Any CPU.ActiveCfg = Debug|Any CPU
		{FABBD4A1-3C5D-4171-B826-11B6461E2B89}.Debug|Any CPU.Build.0 = Debug|Any CPU
		{FABBD4A1-3C5D-4171-B826-11B6461E2B89}.Release|Any CPU.ActiveCfg = Release|Any CPU
		{FABBD4A1-3C5D-4171-B826-11B6461E2B89}.Release|Any CPU.Build.0 = Release|Any CPU
	EndGlobalSection
	GlobalSection(SolutionProperties) = preSolution
		HideSolutionNode = FALSE
	EndGlobalSection
	GlobalSection(ExtensibilityGlobals) = postSolution
		SolutionGuid = {59EEF31D-9E92-471A-BB13-774A920D98F4}
	EndGlobalSection
EndGlobal
