
Microsoft Visual Studio Solution File, Format Version 12.00
# Visual Studio Version 16
VisualStudioVersion = 16.0.29123.88
MinimumVisualStudioVersion = 10.0.40219.1
Project("{FAE04EC0-301F-11D3-BF4B-00C04F79EFBC}") = "HW4-TheMontyHallGameShowProblem", "HW4-TheMontyHallGameShowProblem.csproj", "{DAAF0F30-E766-48C3-8A53-8832F0E51A1D}"
EndProject
Global
	GlobalSection(SolutionConfigurationPlatforms) = preSolution
		Debug|Any CPU = Debug|Any CPU
		Release|Any CPU = Release|Any CPU
	EndGlobalSection
	GlobalSection(ProjectConfigurationPlatforms) = postSolution
		{DAAF0F30-E766-48C3-8A53-8832F0E51A1D}.Debug|Any CPU.ActiveCfg = Debug|Any CPU
		{DAAF0F30-E766-48C3-8A53-8832F0E51A1D}.Debug|Any CPU.Build.0 = Debug|Any CPU
		{DAAF0F30-E766-48C3-8A53-8832F0E51A1D}.Release|Any CPU.ActiveCfg = Release|Any CPU
		{DAAF0F30-E766-48C3-8A53-8832F0E51A1D}.Release|Any CPU.Build.0 = Release|Any CPU
	EndGlobalSection
	GlobalSection(SolutionProperties) = preSolution
		HideSolutionNode = FALSE
	EndGlobalSection
	GlobalSection(ExtensibilityGlobals) = postSolution
		SolutionGuid = {D9C10C9D-9B73-4D5B-893C-F37C68B626BE}
	EndGlobalSection
EndGlobal
