
Microsoft Visual Studio Solution File, Format Version 12.00
# Visual Studio Version 16
VisualStudioVersion = 16.0.29001.49
MinimumVisualStudioVersion = 10.0.40219.1
Project("{FAE04EC0-301F-11D3-BF4B-00C04F79EFBC}") = "Lab6-LeapYear", "Lab6-LeapYear.csproj", "{FAD2A64E-6B0C-448E-A0AD-627C4A675BE4}"
EndProject
Global
	GlobalSection(SolutionConfigurationPlatforms) = preSolution
		Debug|Any CPU = Debug|Any CPU
		Release|Any CPU = Release|Any CPU
	EndGlobalSection
	GlobalSection(ProjectConfigurationPlatforms) = postSolution
		{FAD2A64E-6B0C-448E-A0AD-627C4A675BE4}.Debug|Any CPU.ActiveCfg = Debug|Any CPU
		{FAD2A64E-6B0C-448E-A0AD-627C4A675BE4}.Debug|Any CPU.Build.0 = Debug|Any CPU
		{FAD2A64E-6B0C-448E-A0AD-627C4A675BE4}.Release|Any CPU.ActiveCfg = Release|Any CPU
		{FAD2A64E-6B0C-448E-A0AD-627C4A675BE4}.Release|Any CPU.Build.0 = Release|Any CPU
	EndGlobalSection
	GlobalSection(SolutionProperties) = preSolution
		HideSolutionNode = FALSE
	EndGlobalSection
	GlobalSection(ExtensibilityGlobals) = postSolution
		SolutionGuid = {77D48980-4A47-4C22-A132-8DC0B11C7F4F}
	EndGlobalSection
EndGlobal
