
Microsoft Visual Studio Solution File, Format Version 12.00
# Visual Studio Version 16
VisualStudioVersion = 16.0.29001.49
MinimumVisualStudioVersion = 10.0.40219.1
Project("{FAE04EC0-301F-11D3-BF4B-00C04F79EFBC}") = "ConsoleAppCommandClass1", "ConsoleAppCommandClass1.csproj", "{5ABE89A0-CC67-41D9-8C78-C005E9EE280D}"
EndProject
Global
	GlobalSection(SolutionConfigurationPlatforms) = preSolution
		Debug|Any CPU = Debug|Any CPU
		Release|Any CPU = Release|Any CPU
	EndGlobalSection
	GlobalSection(ProjectConfigurationPlatforms) = postSolution
		{5ABE89A0-CC67-41D9-8C78-C005E9EE280D}.Debug|Any CPU.ActiveCfg = Debug|Any CPU
		{5ABE89A0-CC67-41D9-8C78-C005E9EE280D}.Debug|Any CPU.Build.0 = Debug|Any CPU
		{5ABE89A0-CC67-41D9-8C78-C005E9EE280D}.Release|Any CPU.ActiveCfg = Release|Any CPU
		{5ABE89A0-CC67-41D9-8C78-C005E9EE280D}.Release|Any CPU.Build.0 = Release|Any CPU
	EndGlobalSection
	GlobalSection(SolutionProperties) = preSolution
		HideSolutionNode = FALSE
	EndGlobalSection
	GlobalSection(ExtensibilityGlobals) = postSolution
		SolutionGuid = {03F7A109-6FC3-45A7-8CA9-846CD3366E2C}
	EndGlobalSection
EndGlobal
