
Microsoft Visual Studio Solution File, Format Version 12.00
# Visual Studio Version 16
VisualStudioVersion = 16.0.29001.49
MinimumVisualStudioVersion = 10.0.40219.1
Project("{FAE04EC0-301F-11D3-BF4B-00C04F79EFBC}") = "WebApplicationMusicStore", "WebApplicationMusicStore.csproj", "{3062B1A3-7C44-4144-9659-BE5EA5AAD03D}"
EndProject
Global
	GlobalSection(SolutionConfigurationPlatforms) = preSolution
		Debug|Any CPU = Debug|Any CPU
		Release|Any CPU = Release|Any CPU
	EndGlobalSection
	GlobalSection(ProjectConfigurationPlatforms) = postSolution
		{3062B1A3-7C44-4144-9659-BE5EA5AAD03D}.Debug|Any CPU.ActiveCfg = Debug|Any CPU
		{3062B1A3-7C44-4144-9659-BE5EA5AAD03D}.Debug|Any CPU.Build.0 = Debug|Any CPU
		{3062B1A3-7C44-4144-9659-BE5EA5AAD03D}.Release|Any CPU.ActiveCfg = Release|Any CPU
		{3062B1A3-7C44-4144-9659-BE5EA5AAD03D}.Release|Any CPU.Build.0 = Release|Any CPU
	EndGlobalSection
	GlobalSection(SolutionProperties) = preSolution
		HideSolutionNode = FALSE
	EndGlobalSection
	GlobalSection(ExtensibilityGlobals) = postSolution
		SolutionGuid = {1D8E2D86-00DD-4D68-9FE3-5B726F8FA6F6}
	EndGlobalSection
EndGlobal
