
Microsoft Visual Studio Solution File, Format Version 12.00
# Visual Studio Version 16
VisualStudioVersion = 16.0.29001.49
MinimumVisualStudioVersion = 10.0.40219.1
Project("{FAE04EC0-301F-11D3-BF4B-00C04F79EFBC}") = "GuessNumberNew", "GuessNumberNew.csproj", "{F2C233F7-976B-4439-BF82-2343A405962E}"
EndProject
Global
	GlobalSection(SolutionConfigurationPlatforms) = preSolution
		Debug|Any CPU = Debug|Any CPU
		Release|Any CPU = Release|Any CPU
	EndGlobalSection
	GlobalSection(ProjectConfigurationPlatforms) = postSolution
		{F2C233F7-976B-4439-BF82-2343A405962E}.Debug|Any CPU.ActiveCfg = Debug|Any CPU
		{F2C233F7-976B-4439-BF82-2343A405962E}.Debug|Any CPU.Build.0 = Debug|Any CPU
		{F2C233F7-976B-4439-BF82-2343A405962E}.Release|Any CPU.ActiveCfg = Release|Any CPU
		{F2C233F7-976B-4439-BF82-2343A405962E}.Release|Any CPU.Build.0 = Release|Any CPU
	EndGlobalSection
	GlobalSection(SolutionProperties) = preSolution
		HideSolutionNode = FALSE
	EndGlobalSection
	GlobalSection(ExtensibilityGlobals) = postSolution
		SolutionGuid = {26C76821-926E-4CEE-8AA4-1B8906338706}
	EndGlobalSection
EndGlobal
