
Microsoft Visual Studio Solution File, Format Version 12.00
# Visual Studio Version 16
VisualStudioVersion = 16.0.29001.49
MinimumVisualStudioVersion = 10.0.40219.1
Project("{FAE04EC0-301F-11D3-BF4B-00C04F79EFBC}") = "Lab3", "Lab3.csproj", "{E4013339-494A-4847-89C6-2C718520C26B}"
EndProject
Global
	GlobalSection(SolutionConfigurationPlatforms) = preSolution
		Debug|Any CPU = Debug|Any CPU
		Release|Any CPU = Release|Any CPU
	EndGlobalSection
	GlobalSection(ProjectConfigurationPlatforms) = postSolution
		{E4013339-494A-4847-89C6-2C718520C26B}.Debug|Any CPU.ActiveCfg = Debug|Any CPU
		{E4013339-494A-4847-89C6-2C718520C26B}.Debug|Any CPU.Build.0 = Debug|Any CPU
		{E4013339-494A-4847-89C6-2C718520C26B}.Release|Any CPU.ActiveCfg = Release|Any CPU
		{E4013339-494A-4847-89C6-2C718520C26B}.Release|Any CPU.Build.0 = Release|Any CPU
	EndGlobalSection
	GlobalSection(SolutionProperties) = preSolution
		HideSolutionNode = FALSE
	EndGlobalSection
	GlobalSection(ExtensibilityGlobals) = postSolution
		SolutionGuid = {838A329A-7CB4-48FB-92A3-E34B13461769}
	EndGlobalSection
EndGlobal
