
Microsoft Visual Studio Solution File, Format Version 12.00
# Visual Studio Version 16
VisualStudioVersion = 16.0.29001.49
MinimumVisualStudioVersion = 10.0.40219.1
Project("{FAE04EC0-301F-11D3-BF4B-00C04F79EFBC}") = "ConsoleApp4", "ConsoleApp4.csproj", "{FAA153CF-B559-4442-8671-5155E942B473}"
EndProject
Global
	GlobalSection(SolutionConfigurationPlatforms) = preSolution
		Debug|Any CPU = Debug|Any CPU
		Release|Any CPU = Release|Any CPU
	EndGlobalSection
	GlobalSection(ProjectConfigurationPlatforms) = postSolution
		{FAA153CF-B559-4442-8671-5155E942B473}.Debug|Any CPU.ActiveCfg = Debug|Any CPU
		{FAA153CF-B559-4442-8671-5155E942B473}.Debug|Any CPU.Build.0 = Debug|Any CPU
		{FAA153CF-B559-4442-8671-5155E942B473}.Release|Any CPU.ActiveCfg = Release|Any CPU
		{FAA153CF-B559-4442-8671-5155E942B473}.Release|Any CPU.Build.0 = Release|Any CPU
	EndGlobalSection
	GlobalSection(SolutionProperties) = preSolution
		HideSolutionNode = FALSE
	EndGlobalSection
	GlobalSection(ExtensibilityGlobals) = postSolution
		SolutionGuid = {F65C05B5-896D-423B-ACE0-A5DBE1AFC32C}
	EndGlobalSection
EndGlobal
