
Microsoft Visual Studio Solution File, Format Version 12.00
# Visual Studio Version 16
VisualStudioVersion = 16.0.29001.49
MinimumVisualStudioVersion = 10.0.40219.1
Project("{FAE04EC0-301F-11D3-BF4B-00C04F79EFBC}") = "ExercisesWithStrings", "ExercisesWithStrings.csproj", "{1EB1BD8C-09E7-4F6A-A5EE-2B75120A1FB3}"
EndProject
Global
	GlobalSection(SolutionConfigurationPlatforms) = preSolution
		Debug|Any CPU = Debug|Any CPU
		Release|Any CPU = Release|Any CPU
	EndGlobalSection
	GlobalSection(ProjectConfigurationPlatforms) = postSolution
		{1EB1BD8C-09E7-4F6A-A5EE-2B75120A1FB3}.Debug|Any CPU.ActiveCfg = Debug|Any CPU
		{1EB1BD8C-09E7-4F6A-A5EE-2B75120A1FB3}.Debug|Any CPU.Build.0 = Debug|Any CPU
		{1EB1BD8C-09E7-4F6A-A5EE-2B75120A1FB3}.Release|Any CPU.ActiveCfg = Release|Any CPU
		{1EB1BD8C-09E7-4F6A-A5EE-2B75120A1FB3}.Release|Any CPU.Build.0 = Release|Any CPU
	EndGlobalSection
	GlobalSection(SolutionProperties) = preSolution
		HideSolutionNode = FALSE
	EndGlobalSection
	GlobalSection(ExtensibilityGlobals) = postSolution
		SolutionGuid = {0E745FCB-F089-4A2C-A76B-0FBC0F7B1224}
	EndGlobalSection
EndGlobal
