
Microsoft Visual Studio Solution File, Format Version 12.00
# Visual Studio Version 16
VisualStudioVersion = 16.0.29001.49
MinimumVisualStudioVersion = 10.0.40219.1
Project("{FAE04EC0-301F-11D3-BF4B-00C04F79EFBC}") = "Employee1", "Employee1.csproj", "{B28A1B12-25B2-4677-8DFD-AA4603227189}"
EndProject
Global
	GlobalSection(SolutionConfigurationPlatforms) = preSolution
		Debug|Any CPU = Debug|Any CPU
		Release|Any CPU = Release|Any CPU
	EndGlobalSection
	GlobalSection(ProjectConfigurationPlatforms) = postSolution
		{B28A1B12-25B2-4677-8DFD-AA4603227189}.Debug|Any CPU.ActiveCfg = Debug|Any CPU
		{B28A1B12-25B2-4677-8DFD-AA4603227189}.Debug|Any CPU.Build.0 = Debug|Any CPU
		{B28A1B12-25B2-4677-8DFD-AA4603227189}.Release|Any CPU.ActiveCfg = Release|Any CPU
		{B28A1B12-25B2-4677-8DFD-AA4603227189}.Release|Any CPU.Build.0 = Release|Any CPU
	EndGlobalSection
	GlobalSection(SolutionProperties) = preSolution
		HideSolutionNode = FALSE
	EndGlobalSection
	GlobalSection(ExtensibilityGlobals) = postSolution
		SolutionGuid = {63A411A8-B316-40E2-8515-6C21C10C564A}
	EndGlobalSection
EndGlobal
